// !$*UTF8*$!
{
	archiveVersion = 1;
	classes = {
	};
	objectVersion = 56;
	objects = {

/* Begin PBXBuildFile section */
		C16690202925CF77001C12DD /* Webservice.swift in Sources */ = {isa = PBXBuildFile; fileRef = C166901F2925CF77001C12DD /* Webservice.swift */; };
		C16690302925D40F001C12DD /* TodayInteractorTests.swift in Sources */ = {isa = PBXBuildFile; fileRef = C166902F2925D40F001C12DD /* TodayInteractorTests.swift */; };
		C16690332925E4E9001C12DD /* MockupData.swift in Sources */ = {isa = PBXBuildFile; fileRef = C16690322925E4E9001C12DD /* MockupData.swift */; };
		C166903529261237001C12DD /* SearchBarView.swift in Sources */ = {isa = PBXBuildFile; fileRef = C166903429261237001C12DD /* SearchBarView.swift */; };
		C166903829261F8E001C12DD /* UIApplication.swift in Sources */ = {isa = PBXBuildFile; fileRef = C166903729261F8E001C12DD /* UIApplication.swift */; };
		C166903A292622CD001C12DD /* Constant.swift in Sources */ = {isa = PBXBuildFile; fileRef = C1669039292622CD001C12DD /* Constant.swift */; };
		C166903C292637FA001C12DD /* WeatherDataStore.swift in Sources */ = {isa = PBXBuildFile; fileRef = C166903B292637FA001C12DD /* WeatherDataStore.swift */; };
		C1F0D2B1292532F7006329C9 /* WeatherApp.swift in Sources */ = {isa = PBXBuildFile; fileRef = C1F0D2B0292532F7006329C9 /* WeatherApp.swift */; };
		C1F0D2B3292532F7006329C9 /* ContentView.swift in Sources */ = {isa = PBXBuildFile; fileRef = C1F0D2B2292532F7006329C9 /* ContentView.swift */; };
		C1F0D2B5292532FA006329C9 /* Assets.xcassets in Resources */ = {isa = PBXBuildFile; fileRef = C1F0D2B4292532FA006329C9 /* Assets.xcassets */; };
		C1F0D2B8292532FA006329C9 /* Preview Assets.xcassets in Resources */ = {isa = PBXBuildFile; fileRef = C1F0D2B7292532FA006329C9 /* Preview Assets.xcassets */; };
		C1F0D2C1292535A8006329C9 /* TodayView.swift in Sources */ = {isa = PBXBuildFile; fileRef = C1F0D2C0292535A8006329C9 /* TodayView.swift */; };
		C1F0D2C329253609006329C9 /* TodayInteractor.swift in Sources */ = {isa = PBXBuildFile; fileRef = C1F0D2C229253609006329C9 /* TodayInteractor.swift */; };
		C1F0D2C529253650006329C9 /* TodayPresenter.swift in Sources */ = {isa = PBXBuildFile; fileRef = C1F0D2C429253650006329C9 /* TodayPresenter.swift */; };
		C1F0D2C8292536C0006329C9 /* TodayModel.swift in Sources */ = {isa = PBXBuildFile; fileRef = C1F0D2C7292536C0006329C9 /* TodayModel.swift */; };
		C1F0D2CA292536D1006329C9 /* TodayRouter.swift in Sources */ = {isa = PBXBuildFile; fileRef = C1F0D2C9292536D1006329C9 /* TodayRouter.swift */; };
		C1F0D2CD292537D9006329C9 /* AppEnvironment.swift in Sources */ = {isa = PBXBuildFile; fileRef = C1F0D2CC292537D9006329C9 /* AppEnvironment.swift */; };
		C1F0D2D02925464C006329C9 /* Weather.swift in Sources */ = {isa = PBXBuildFile; fileRef = C1F0D2CF2925464C006329C9 /* Weather.swift */; };
		C1F0D2D229254819006329C9 /* Forecast.swift in Sources */ = {isa = PBXBuildFile; fileRef = C1F0D2D129254819006329C9 /* Forecast.swift */; };
		C1F0D2D4292549AC006329C9 /* Coordinates.swift in Sources */ = {isa = PBXBuildFile; fileRef = C1F0D2D3292549AC006329C9 /* Coordinates.swift */; };
/* End PBXBuildFile section */

/* Begin PBXContainerItemProxy section */
		C16690292925D3A8001C12DD /* PBXContainerItemProxy */ = {
			isa = PBXContainerItemProxy;
			containerPortal = C1F0D2A5292532F7006329C9 /* Project object */;
			proxyType = 1;
			remoteGlobalIDString = C1F0D2AC292532F7006329C9;
			remoteInfo = Weather;
		};
/* End PBXContainerItemProxy section */

/* Begin PBXFileReference section */
		C166901F2925CF77001C12DD /* Webservice.swift */ = {isa = PBXFileReference; lastKnownFileType = sourcecode.swift; path = Webservice.swift; sourceTree = "<group>"; };
		C16690252925D3A8001C12DD /* WeatherTests.xctest */ = {isa = PBXFileReference; explicitFileType = wrapper.cfbundle; includeInIndex = 0; path = WeatherTests.xctest; sourceTree = BUILT_PRODUCTS_DIR; };
		C166902F2925D40F001C12DD /* TodayInteractorTests.swift */ = {isa = PBXFileReference; lastKnownFileType = sourcecode.swift; path = TodayInteractorTests.swift; sourceTree = "<group>"; };
		C16690322925E4E9001C12DD /* MockupData.swift */ = {isa = PBXFileReference; lastKnownFileType = sourcecode.swift; path = MockupData.swift; sourceTree = "<group>"; };
		C166903429261237001C12DD /* SearchBarView.swift */ = {isa = PBXFileReference; lastKnownFileType = sourcecode.swift; path = SearchBarView.swift; sourceTree = "<group>"; };
		C166903729261F8E001C12DD /* UIApplication.swift */ = {isa = PBXFileReference; lastKnownFileType = sourcecode.swift; path = UIApplication.swift; sourceTree = "<group>"; };
		C1669039292622CD001C12DD /* Constant.swift */ = {isa = PBXFileReference; lastKnownFileType = sourcecode.swift; path = Constant.swift; sourceTree = "<group>"; };
		C166903B292637FA001C12DD /* WeatherDataStore.swift */ = {isa = PBXFileReference; lastKnownFileType = sourcecode.swift; path = WeatherDataStore.swift; sourceTree = "<group>"; };
		C1F0D2AD292532F7006329C9 /* Weather.app */ = {isa = PBXFileReference; explicitFileType = wrapper.application; includeInIndex = 0; path = Weather.app; sourceTree = BUILT_PRODUCTS_DIR; };
		C1F0D2B0292532F7006329C9 /* WeatherApp.swift */ = {isa = PBXFileReference; lastKnownFileType = sourcecode.swift; path = WeatherApp.swift; sourceTree = "<group>"; };
		C1F0D2B2292532F7006329C9 /* ContentView.swift */ = {isa = PBXFileReference; lastKnownFileType = sourcecode.swift; path = ContentView.swift; sourceTree = "<group>"; };
		C1F0D2B4292532FA006329C9 /* Assets.xcassets */ = {isa = PBXFileReference; lastKnownFileType = folder.assetcatalog; path = Assets.xcassets; sourceTree = "<group>"; };
		C1F0D2B7292532FA006329C9 /* Preview Assets.xcassets */ = {isa = PBXFileReference; lastKnownFileType = folder.assetcatalog; path = "Preview Assets.xcassets"; sourceTree = "<group>"; };
		C1F0D2C0292535A8006329C9 /* TodayView.swift */ = {isa = PBXFileReference; lastKnownFileType = sourcecode.swift; path = TodayView.swift; sourceTree = "<group>"; };
		C1F0D2C229253609006329C9 /* TodayInteractor.swift */ = {isa = PBXFileReference; lastKnownFileType = sourcecode.swift; path = TodayInteractor.swift; sourceTree = "<group>"; };
		C1F0D2C429253650006329C9 /* TodayPresenter.swift */ = {isa = PBXFileReference; lastKnownFileType = sourcecode.swift; path = TodayPresenter.swift; sourceTree = "<group>"; };
		C1F0D2C629253691006329C9 /* Info.plist */ = {isa = PBXFileReference; lastKnownFileType = text.plist; path = Info.plist; sourceTree = "<group>"; };
		C1F0D2C7292536C0006329C9 /* TodayModel.swift */ = {isa = PBXFileReference; lastKnownFileType = sourcecode.swift; path = TodayModel.swift; sourceTree = "<group>"; };
		C1F0D2C9292536D1006329C9 /* TodayRouter.swift */ = {isa = PBXFileReference; lastKnownFileType = sourcecode.swift; path = TodayRouter.swift; sourceTree = "<group>"; };
		C1F0D2CC292537D9006329C9 /* AppEnvironment.swift */ = {isa = PBXFileReference; lastKnownFileType = sourcecode.swift; path = AppEnvironment.swift; sourceTree = "<group>"; };
		C1F0D2CF2925464C006329C9 /* Weather.swift */ = {isa = PBXFileReference; lastKnownFileType = sourcecode.swift; path = Weather.swift; sourceTree = "<group>"; };
		C1F0D2D129254819006329C9 /* Forecast.swift */ = {isa = PBXFileReference; lastKnownFileType = sourcecode.swift; path = Forecast.swift; sourceTree = "<group>"; };
		C1F0D2D3292549AC006329C9 /* Coordinates.swift */ = {isa = PBXFileReference; lastKnownFileType = sourcecode.swift; path = Coordinates.swift; sourceTree = "<group>"; };
/* End PBXFileReference section */

/* Begin PBXFrameworksBuildPhase section */
		C16690222925D3A8001C12DD /* Frameworks */ = {
			isa = PBXFrameworksBuildPhase;
			buildActionMask = 2147483647;
			files = (
			);
			runOnlyForDeploymentPostprocessing = 0;
		};
		C1F0D2AA292532F7006329C9 /* Frameworks */ = {
			isa = PBXFrameworksBuildPhase;
			buildActionMask = 2147483647;
			files = (
			);
			runOnlyForDeploymentPostprocessing = 0;
		};
/* End PBXFrameworksBuildPhase section */

/* Begin PBXGroup section */
		C16690262925D3A8001C12DD /* WeatherTests */ = {
			isa = PBXGroup;
			children = (
				C166902E2925D3B8001C12DD /* TodayTest */,
			);
			path = WeatherTests;
			sourceTree = "<group>";
		};
		C166902E2925D3B8001C12DD /* TodayTest */ = {
			isa = PBXGroup;
			children = (
				C166902F2925D40F001C12DD /* TodayInteractorTests.swift */,
			);
			path = TodayTest;
			sourceTree = "<group>";
		};
		C16690312925DDCD001C12DD /* Component */ = {
			isa = PBXGroup;
			children = (
				C166903429261237001C12DD /* SearchBarView.swift */,
			);
			path = Component;
			sourceTree = "<group>";
		};
		C166903629261F70001C12DD /* Extensions */ = {
			isa = PBXGroup;
			children = (
				C166903729261F8E001C12DD /* UIApplication.swift */,
			);
			path = Extensions;
			sourceTree = "<group>";
		};
		C1F0D2A4292532F7006329C9 = {
			isa = PBXGroup;
			children = (
				C1F0D2AF292532F7006329C9 /* Weather */,
				C16690262925D3A8001C12DD /* WeatherTests */,
				C1F0D2AE292532F7006329C9 /* Products */,
			);
			sourceTree = "<group>";
		};
		C1F0D2AE292532F7006329C9 /* Products */ = {
			isa = PBXGroup;
			children = (
				C1F0D2AD292532F7006329C9 /* Weather.app */,
				C16690252925D3A8001C12DD /* WeatherTests.xctest */,
			);
			name = Products;
			sourceTree = "<group>";
		};
		C1F0D2AF292532F7006329C9 /* Weather */ = {
			isa = PBXGroup;
			children = (
				C1F0D2C629253691006329C9 /* Info.plist */,
				C166903629261F70001C12DD /* Extensions */,
				C1F0D2CE2925460E006329C9 /* Models */,
				C1F0D2CB2925377D006329C9 /* Utils */,
				C1F0D2BE292533C6006329C9 /* Scenes */,
				C1F0D2B4292532FA006329C9 /* Assets.xcassets */,
				C1F0D2B6292532FA006329C9 /* Preview Content */,
			);
			path = Weather;
			sourceTree = "<group>";
		};
		C1F0D2B6292532FA006329C9 /* Preview Content */ = {
			isa = PBXGroup;
			children = (
				C1F0D2B7292532FA006329C9 /* Preview Assets.xcassets */,
			);
			path = "Preview Content";
			sourceTree = "<group>";
		};
		C1F0D2BE292533C6006329C9 /* Scenes */ = {
			isa = PBXGroup;
			children = (
				C1F0D2B0292532F7006329C9 /* WeatherApp.swift */,
				C1F0D2B2292532F7006329C9 /* ContentView.swift */,
				C1F0D2BF2925356A006329C9 /* Today */,
			);
			path = Scenes;
			sourceTree = "<group>";
		};
		C1F0D2BF2925356A006329C9 /* Today */ = {
			isa = PBXGroup;
			children = (
				C16690312925DDCD001C12DD /* Component */,
				C1F0D2C0292535A8006329C9 /* TodayView.swift */,
				C1F0D2C229253609006329C9 /* TodayInteractor.swift */,
				C1F0D2C429253650006329C9 /* TodayPresenter.swift */,
				C1F0D2C7292536C0006329C9 /* TodayModel.swift */,
				C1F0D2C9292536D1006329C9 /* TodayRouter.swift */,
			);
			path = Today;
			sourceTree = "<group>";
		};
		C1F0D2CB2925377D006329C9 /* Utils */ = {
			isa = PBXGroup;
			children = (
				C1F0D2CC292537D9006329C9 /* AppEnvironment.swift */,
				C166901F2925CF77001C12DD /* Webservice.swift */,
				C16690322925E4E9001C12DD /* MockupData.swift */,
				C1669039292622CD001C12DD /* Constant.swift */,
			);
			path = Utils;
			sourceTree = "<group>";
		};
		C1F0D2CE2925460E006329C9 /* Models */ = {
			isa = PBXGroup;
			children = (
				C1F0D2CF2925464C006329C9 /* Weather.swift */,
				C1F0D2D129254819006329C9 /* Forecast.swift */,
				C1F0D2D3292549AC006329C9 /* Coordinates.swift */,
				C166903B292637FA001C12DD /* WeatherDataStore.swift */,
			);
			path = Models;
			sourceTree = "<group>";
		};
/* End PBXGroup section */

/* Begin PBXNativeTarget section */
		C16690242925D3A8001C12DD /* WeatherTests */ = {
			isa = PBXNativeTarget;
			buildConfigurationList = C166902B2925D3A8001C12DD /* Build configuration list for PBXNativeTarget "WeatherTests" */;
			buildPhases = (
				C16690212925D3A8001C12DD /* Sources */,
				C16690222925D3A8001C12DD /* Frameworks */,
				C16690232925D3A8001C12DD /* Resources */,
			);
			buildRules = (
			);
			dependencies = (
				C166902A2925D3A8001C12DD /* PBXTargetDependency */,
			);
			name = WeatherTests;
			productName = WeatherTests;
			productReference = C16690252925D3A8001C12DD /* WeatherTests.xctest */;
			productType = "com.apple.product-type.bundle.unit-test";
		};
		C1F0D2AC292532F7006329C9 /* Weather */ = {
			isa = PBXNativeTarget;
			buildConfigurationList = C1F0D2BB292532FA006329C9 /* Build configuration list for PBXNativeTarget "Weather" */;
			buildPhases = (
				C1F0D2A9292532F7006329C9 /* Sources */,
				C1F0D2AA292532F7006329C9 /* Frameworks */,
				C1F0D2AB292532F7006329C9 /* Resources */,
			);
			buildRules = (
			);
			dependencies = (
			);
			name = Weather;
			productName = Weather;
			productReference = C1F0D2AD292532F7006329C9 /* Weather.app */;
			productType = "com.apple.product-type.application";
		};
/* End PBXNativeTarget section */

/* Begin PBXProject section */
		C1F0D2A5292532F7006329C9 /* Project object */ = {
			isa = PBXProject;
			attributes = {
				BuildIndependentTargetsInParallel = 1;
				LastSwiftUpdateCheck = 1410;
				LastUpgradeCheck = 1410;
				TargetAttributes = {
					C16690242925D3A8001C12DD = {
						CreatedOnToolsVersion = 14.1;
						LastSwiftMigration = 1410;
						TestTargetID = C1F0D2AC292532F7006329C9;
					};
					C1F0D2AC292532F7006329C9 = {
						CreatedOnToolsVersion = 14.1;
					};
				};
			};
			buildConfigurationList = C1F0D2A8292532F7006329C9 /* Build configuration list for PBXProject "Weather" */;
			compatibilityVersion = "Xcode 14.0";
			developmentRegion = en;
			hasScannedForEncodings = 0;
			knownRegions = (
				en,
				Base,
			);
			mainGroup = C1F0D2A4292532F7006329C9;
			productRefGroup = C1F0D2AE292532F7006329C9 /* Products */;
			projectDirPath = "";
			projectRoot = "";
			targets = (
				C1F0D2AC292532F7006329C9 /* Weather */,
				C16690242925D3A8001C12DD /* WeatherTests */,
			);
		};
/* End PBXProject section */

/* Begin PBXResourcesBuildPhase section */
		C16690232925D3A8001C12DD /* Resources */ = {
			isa = PBXResourcesBuildPhase;
			buildActionMask = 2147483647;
			files = (
			);
			runOnlyForDeploymentPostprocessing = 0;
		};
		C1F0D2AB292532F7006329C9 /* Resources */ = {
			isa = PBXResourcesBuildPhase;
			buildActionMask = 2147483647;
			files = (
				C1F0D2B8292532FA006329C9 /* Preview Assets.xcassets in Resources */,
				C1F0D2B5292532FA006329C9 /* Assets.xcassets in Resources */,
			);
			runOnlyForDeploymentPostprocessing = 0;
		};
/* End PBXResourcesBuildPhase section */

/* Begin PBXSourcesBuildPhase section */
		C16690212925D3A8001C12DD /* Sources */ = {
			isa = PBXSourcesBuildPhase;
			buildActionMask = 2147483647;
			files = (
				C16690302925D40F001C12DD /* TodayInteractorTests.swift in Sources */,
			);
			runOnlyForDeploymentPostprocessing = 0;
		};
		C1F0D2A9292532F7006329C9 /* Sources */ = {
			isa = PBXSourcesBuildPhase;
			buildActionMask = 2147483647;
			files = (
				C1F0D2C329253609006329C9 /* TodayInteractor.swift in Sources */,
				C1F0D2CA292536D1006329C9 /* TodayRouter.swift in Sources */,
				C1F0D2B3292532F7006329C9 /* ContentView.swift in Sources */,
				C166903A292622CD001C12DD /* Constant.swift in Sources */,
				C166903829261F8E001C12DD /* UIApplication.swift in Sources */,
				C1F0D2C1292535A8006329C9 /* TodayView.swift in Sources */,
				C1F0D2D229254819006329C9 /* Forecast.swift in Sources */,
				C1F0D2D02925464C006329C9 /* Weather.swift in Sources */,
				C1F0D2C529253650006329C9 /* TodayPresenter.swift in Sources */,
				C1F0D2D4292549AC006329C9 /* Coordinates.swift in Sources */,
				C16690332925E4E9001C12DD /* MockupData.swift in Sources */,
				C166903C292637FA001C12DD /* WeatherDataStore.swift in Sources */,
				C1F0D2CD292537D9006329C9 /* AppEnvironment.swift in Sources */,
				C166903529261237001C12DD /* SearchBarView.swift in Sources */,
				C16690202925CF77001C12DD /* Webservice.swift in Sources */,
				C1F0D2B1292532F7006329C9 /* WeatherApp.swift in Sources */,
				C1F0D2C8292536C0006329C9 /* TodayModel.swift in Sources */,
			);
			runOnlyForDeploymentPostprocessing = 0;
		};
/* End PBXSourcesBuildPhase section */

/* Begin PBXTargetDependency section */
		C166902A2925D3A8001C12DD /* PBXTargetDependency */ = {
			isa = PBXTargetDependency;
			target = C1F0D2AC292532F7006329C9 /* Weather */;
			targetProxy = C16690292925D3A8001C12DD /* PBXContainerItemProxy */;
		};
/* End PBXTargetDependency section */

/* Begin XCBuildConfiguration section */
		C166902C2925D3A8001C12DD /* Debug */ = {
			isa = XCBuildConfiguration;
			buildSettings = {
				BUNDLE_LOADER = "$(TEST_HOST)";
				CLANG_ENABLE_MODULES = YES;
				CODE_SIGN_STYLE = Automatic;
				CURRENT_PROJECT_VERSION = 1;
				DEVELOPMENT_TEAM = 4836KR52L9;
				GENERATE_INFOPLIST_FILE = YES;
				LD_RUNPATH_SEARCH_PATHS = (
					"$(inherited)",
					"@executable_path/Frameworks",
					"@loader_path/Frameworks",
				);
				MARKETING_VERSION = 1.0;
				PRODUCT_BUNDLE_IDENTIFIER = com.pucknavin.WeatherTests;
				PRODUCT_NAME = "$(TARGET_NAME)";
				SWIFT_EMIT_LOC_STRINGS = NO;
				SWIFT_OPTIMIZATION_LEVEL = "-Onone";
				SWIFT_VERSION = 5.0;
				TARGETED_DEVICE_FAMILY = "1,2";
				TEST_HOST = "$(BUILT_PRODUCTS_DIR)/Weather.app/$(BUNDLE_EXECUTABLE_FOLDER_PATH)/Weather";
			};
			name = Debug;
		};
		C166902D2925D3A8001C12DD /* Release */ = {
			isa = XCBuildConfiguration;
			buildSettings = {
				BUNDLE_LOADER = "$(TEST_HOST)";
				CLANG_ENABLE_MODULES = YES;
				CODE_SIGN_STYLE = Automatic;
				CURRENT_PROJECT_VERSION = 1;
				DEVELOPMENT_TEAM = 4836KR52L9;
				GENERATE_INFOPLIST_FILE = YES;
				LD_RUNPATH_SEARCH_PATHS = (
					"$(inherited)",
					"@executable_path/Frameworks",
					"@loader_path/Frameworks",
				);
				MARKETING_VERSION = 1.0;
				PRODUCT_BUNDLE_IDENTIFIER = com.pucknavin.WeatherTests;
				PRODUCT_NAME = "$(TARGET_NAME)";
				SWIFT_EMIT_LOC_STRINGS = NO;
				SWIFT_VERSION = 5.0;
				TARGETED_DEVICE_FAMILY = "1,2";
				TEST_HOST = "$(BUILT_PRODUCTS_DIR)/Weather.app/$(BUNDLE_EXECUTABLE_FOLDER_PATH)/Weather";
			};
			name = Release;
		};
		C1F0D2B9292532FA006329C9 /* Debug */ = {
			isa = XCBuildConfiguration;
			buildSettings = {
				ALWAYS_SEARCH_USER_PATHS = NO;
				CLANG_ANALYZER_NONNULL = YES;
				CLANG_ANALYZER_NUMBER_OBJECT_CONVERSION = YES_AGGRESSIVE;
				CLANG_CXX_LANGUAGE_STANDARD = "gnu++20";
				CLANG_ENABLE_MODULES = YES;
				CLANG_ENABLE_OBJC_ARC = YES;
				CLANG_ENABLE_OBJC_WEAK = YES;
				CLANG_WARN_BLOCK_CAPTURE_AUTORELEASING = YES;
				CLANG_WARN_BOOL_CONVERSION = YES;
				CLANG_WARN_COMMA = YES;
				CLANG_WARN_CONSTANT_CONVERSION = YES;
				CLANG_WARN_DEPRECATED_OBJC_IMPLEMENTATIONS = YES;
				CLANG_WARN_DIRECT_OBJC_ISA_USAGE = YES_ERROR;
				CLANG_WARN_DOCUMENTATION_COMMENTS = YES;
				CLANG_WARN_EMPTY_BODY = YES;
				CLANG_WARN_ENUM_CONVERSION = YES;
				CLANG_WARN_INFINITE_RECURSION = YES;
				CLANG_WARN_INT_CONVERSION = YES;
				CLANG_WARN_NON_LITERAL_NULL_CONVERSION = YES;
				CLANG_WARN_OBJC_IMPLICIT_RETAIN_SELF = YES;
				CLANG_WARN_OBJC_LITERAL_CONVERSION = YES;
				CLANG_WARN_OBJC_ROOT_CLASS = YES_ERROR;
				CLANG_WARN_QUOTED_INCLUDE_IN_FRAMEWORK_HEADER = YES;
				CLANG_WARN_RANGE_LOOP_ANALYSIS = YES;
				CLANG_WARN_STRICT_PROTOTYPES = YES;
				CLANG_WARN_SUSPICIOUS_MOVE = YES;
				CLANG_WARN_UNGUARDED_AVAILABILITY = YES_AGGRESSIVE;
				CLANG_WARN_UNREACHABLE_CODE = YES;
				CLANG_WARN__DUPLICATE_METHOD_MATCH = YES;
				COPY_PHASE_STRIP = NO;
				DEBUG_INFORMATION_FORMAT = dwarf;
				ENABLE_STRICT_OBJC_MSGSEND = YES;
				ENABLE_TESTABILITY = YES;
				GCC_C_LANGUAGE_STANDARD = gnu11;
				GCC_DYNAMIC_NO_PIC = NO;
				GCC_NO_COMMON_BLOCKS = YES;
				GCC_OPTIMIZATION_LEVEL = 0;
				GCC_PREPROCESSOR_DEFINITIONS = (
					"DEBUG=1",
					"$(inherited)",
				);
				GCC_WARN_64_TO_32_BIT_CONVERSION = YES;
				GCC_WARN_ABOUT_RETURN_TYPE = YES_ERROR;
				GCC_WARN_UNDECLARED_SELECTOR = YES;
				GCC_WARN_UNINITIALIZED_AUTOS = YES_AGGRESSIVE;
				GCC_WARN_UNUSED_FUNCTION = YES;
				GCC_WARN_UNUSED_VARIABLE = YES;
				IPHONEOS_DEPLOYMENT_TARGET = 16.1;
				MTL_ENABLE_DEBUG_INFO = INCLUDE_SOURCE;
				MTL_FAST_MATH = YES;
				ONLY_ACTIVE_ARCH = YES;
				SDKROOT = iphoneos;
				SWIFT_ACTIVE_COMPILATION_CONDITIONS = DEBUG;
				SWIFT_OPTIMIZATION_LEVEL = "-Onone";
			};
			name = Debug;
		};
		C1F0D2BA292532FA006329C9 /* Release */ = {
			isa = XCBuildConfiguration;
			buildSettings = {
				ALWAYS_SEARCH_USER_PATHS = NO;
				CLANG_ANALYZER_NONNULL = YES;
				CLANG_ANALYZER_NUMBER_OBJECT_CONVERSION = YES_AGGRESSIVE;
				CLANG_CXX_LANGUAGE_STANDARD = "gnu++20";
				CLANG_ENABLE_MODULES = YES;
				CLANG_ENABLE_OBJC_ARC = YES;
				CLANG_ENABLE_OBJC_WEAK = YES;
				CLANG_WARN_BLOCK_CAPTURE_AUTORELEASING = YES;
				CLANG_WARN_BOOL_CONVERSION = YES;
				CLANG_WARN_COMMA = YES;
				CLANG_WARN_CONSTANT_CONVERSION = YES;
				CLANG_WARN_DEPRECATED_OBJC_IMPLEMENTATIONS = YES;
				CLANG_WARN_DIRECT_OBJC_ISA_USAGE = YES_ERROR;
				CLANG_WARN_DOCUMENTATION_COMMENTS = YES;
				CLANG_WARN_EMPTY_BODY = YES;
				CLANG_WARN_ENUM_CONVERSION = YES;
				CLANG_WARN_INFINITE_RECURSION = YES;
				CLANG_WARN_INT_CONVERSION = YES;
				CLANG_WARN_NON_LITERAL_NULL_CONVERSION = YES;
				CLANG_WARN_OBJC_IMPLICIT_RETAIN_SELF = YES;
				CLANG_WARN_OBJC_LITERAL_CONVERSION = YES;
				CLANG_WARN_OBJC_ROOT_CLASS = YES_ERROR;
				CLANG_WARN_QUOTED_INCLUDE_IN_FRAMEWORK_HEADER = YES;
				CLANG_WARN_RANGE_LOOP_ANALYSIS = YES;
				CLANG_WARN_STRICT_PROTOTYPES = YES;
				CLANG_WARN_SUSPICIOUS_MOVE = YES;
				CLANG_WARN_UNGUARDED_AVAILABILITY = YES_AGGRESSIVE;
				CLANG_WARN_UNREACHABLE_CODE = YES;
				CLANG_WARN__DUPLICATE_METHOD_MATCH = YES;
				COPY_PHASE_STRIP = NO;
				DEBUG_INFORMATION_FORMAT = "dwarf-with-dsym";
				ENABLE_NS_ASSERTIONS = NO;
				ENABLE_STRICT_OBJC_MSGSEND = YES;
				GCC_C_LANGUAGE_STANDARD = gnu11;
				GCC_NO_COMMON_BLOCKS = YES;
				GCC_WARN_64_TO_32_BIT_CONVERSION = YES;
				GCC_WARN_ABOUT_RETURN_TYPE = YES_ERROR;
				GCC_WARN_UNDECLARED_SELECTOR = YES;
				GCC_WARN_UNINITIALIZED_AUTOS = YES_AGGRESSIVE;
				GCC_WARN_UNUSED_FUNCTION = YES;
				GCC_WARN_UNUSED_VARIABLE = YES;
				IPHONEOS_DEPLOYMENT_TARGET = 16.1;
				MTL_ENABLE_DEBUG_INFO = NO;
				MTL_FAST_MATH = YES;
				SDKROOT = iphoneos;
				SWIFT_COMPILATION_MODE = wholemodule;
				SWIFT_OPTIMIZATION_LEVEL = "-O";
				VALIDATE_PRODUCT = YES;
			};
			name = Release;
		};
		C1F0D2BC292532FA006329C9 /* Debug */ = {
			isa = XCBuildConfiguration;
			buildSettings = {
				ASSETCATALOG_COMPILER_APPICON_NAME = AppIcon;
				ASSETCATALOG_COMPILER_GLOBAL_ACCENT_COLOR_NAME = AccentColor;
				CODE_SIGN_STYLE = Automatic;
				CURRENT_PROJECT_VERSION = 1;
				DEVELOPMENT_ASSET_PATHS = "\"Weather/Preview Content\"";
				DEVELOPMENT_TEAM = 4836KR52L9;
				ENABLE_PREVIEWS = YES;
				GENERATE_INFOPLIST_FILE = YES;
				INFOPLIST_FILE = Weather/Info.plist;
				INFOPLIST_KEY_UIApplicationSceneManifest_Generation = YES;
				INFOPLIST_KEY_UIApplicationSupportsIndirectInputEvents = YES;
				INFOPLIST_KEY_UILaunchScreen_Generation = YES;
				INFOPLIST_KEY_UISupportedInterfaceOrientations = UIInterfaceOrientationPortrait;
				INFOPLIST_KEY_UISupportedInterfaceOrientations_iPad = "UIInterfaceOrientationLandscapeLeft UIInterfaceOrientationLandscapeRight UIInterfaceOrientationPortrait UIInterfaceOrientationPortraitUpsideDown";
				LD_RUNPATH_SEARCH_PATHS = (
					"$(inherited)",
					"@executable_path/Frameworks",
				);
				MARKETING_VERSION = 1.0;
				PRODUCT_BUNDLE_IDENTIFIER = com.pucknavin.Weather;
				PRODUCT_NAME = "$(TARGET_NAME)";
				SWIFT_EMIT_LOC_STRINGS = YES;
				SWIFT_VERSION = 5.0;
				TARGETED_DEVICE_FAMILY = "1,2";
			};
			name = Debug;
		};
		C1F0D2BD292532FA006329C9 /* Release */ = {
			isa = XCBuildConfiguration;
			buildSettings = {
				ASSETCATALOG_COMPILER_APPICON_NAME = AppIcon;
				ASSETCATALOG_COMPILER_GLOBAL_ACCENT_COLOR_NAME = AccentColor;
				CODE_SIGN_STYLE = Automatic;
				CURRENT_PROJECT_VERSION = 1;
				DEVELOPMENT_ASSET_PATHS = "\"Weather/Preview Content\"";
				DEVELOPMENT_TEAM = 4836KR52L9;
				ENABLE_PREVIEWS = YES;
				GENERATE_INFOPLIST_FILE = YES;
				INFOPLIST_FILE = Weather/Info.plist;
				INFOPLIST_KEY_UIApplicationSceneManifest_Generation = YES;
				INFOPLIST_KEY_UIApplicationSupportsIndirectInputEvents = YES;
				INFOPLIST_KEY_UILaunchScreen_Generation = YES;
				INFOPLIST_KEY_UISupportedInterfaceOrientations = UIInterfaceOrientationPortrait;
				INFOPLIST_KEY_UISupportedInterfaceOrientations_iPad = "UIInterfaceOrientationLandscapeLeft UIInterfaceOrientationLandscapeRight UIInterfaceOrientationPortrait UIInterfaceOrientationPortraitUpsideDown";
				LD_RUNPATH_SEARCH_PATHS = (
					"$(inherited)",
					"@executable_path/Frameworks",
				);
				MARKETING_VERSION = 1.0;
				PRODUCT_BUNDLE_IDENTIFIER = com.pucknavin.Weather;
				PRODUCT_NAME = "$(TARGET_NAME)";
				SWIFT_EMIT_LOC_STRINGS = YES;
				SWIFT_VERSION = 5.0;
				TARGETED_DEVICE_FAMILY = "1,2";
			};
			name = Release;
		};
/* End XCBuildConfiguration section */

/* Begin XCConfigurationList section */
		C166902B2925D3A8001C12DD /* Build configuration list for PBXNativeTarget "WeatherTests" */ = {
			isa = XCConfigurationList;
			buildConfigurations = (
				C166902C2925D3A8001C12DD /* Debug */,
				C166902D2925D3A8001C12DD /* Release */,
			);
			defaultConfigurationIsVisible = 0;
			defaultConfigurationName = Release;
		};
		C1F0D2A8292532F7006329C9 /* Build configuration list for PBXProject "Weather" */ = {
			isa = XCConfigurationList;
			buildConfigurations = (
				C1F0D2B9292532FA006329C9 /* Debug */,
				C1F0D2BA292532FA006329C9 /* Release */,
			);
			defaultConfigurationIsVisible = 0;
			defaultConfigurationName = Release;
		};
		C1F0D2BB292532FA006329C9 /* Build configuration list for PBXNativeTarget "Weather" */ = {
			isa = XCConfigurationList;
			buildConfigurations = (
				C1F0D2BC292532FA006329C9 /* Debug */,
				C1F0D2BD292532FA006329C9 /* Release */,
			);
			defaultConfigurationIsVisible = 0;
			defaultConfigurationName = Release;
		};
/* End XCConfigurationList section */
	};
	rootObject = C1F0D2A5292532F7006329C9 /* Project object */;
}
